{
  "name": "@hack",
  "version": "1.0.0",
  "lockfileVersion": 1,
  "requires": true,
  "dependencies": {
    "htm": {
      "version": "3.0.4",
      "resolved": "https://registry.npmjs.org/htm/-/htm-3.0.4.tgz",
      "integrity": "sha512-VRdvxX3tmrXuT/Ovt59NMp/ORMFi4bceFMDjos1PV4E0mV+5votuID8R60egR9A4U8nLt238R/snlJGz3UYiTQ=="
    },
    "preact": {
      "version": "10.4.0",
      "resolved": "https://registry.npmjs.org/preact/-/preact-10.4.0.tgz",
      "integrity": "sha512-34iqY2qPWKAmsi+tNNwYCstta93P+zF1f4DLtsOUPh32uYImNzJY7h7EymCva+6RoJL01v3W3phSRD8jE0sFLg=="
    }
  }
}
